{
  "name": "jobs",
  "version": "1.0.0",
  "lockfileVersion": 1,
  "requires": true,
  "dependencies": {
    "@types/node": {
      "version": "14.14.32",
      "resolved": "https://registry.npmjs.org/@types/node/-/node-14.14.32.tgz",
      "integrity": "sha512-/Ctrftx/zp4m8JOujM5ZhwzlWLx22nbQJiVqz8/zE15gOeEW+uly3FSX4fGFpcfEvFzXcMCJwq9lGVWgyARXhg==",
      "dev": true
    },
    "comfyclock": {
      "version": "1.0.0",
      "resolved": "https://registry.npmjs.org/comfyclock/-/comfyclock-1.0.0.tgz",
      "integrity": "sha512-2R34Ig+3WlSH/AYx8ajGTJhWeZLXkYaU9bOZEl7wV1IvKJRg772UvQrzZw8snFSWIW/mD/kZUJJo80vRdumxVA==",
      "requires": {
        "moment": "^2.24.0"
      }
    },
    "moment": {
      "version": "2.29.1",
      "resolved": "https://registry.npmjs.org/moment/-/moment-2.29.1.tgz",
      "integrity": "sha512-kHmoybcPV8Sqy59DwNDY3Jefr64lK/by/da0ViFcuA4DH0vQg5Q6Ze5VimxkfQNSC+Mls/Kx53s7TjP1RhFEDQ=="
    },
    "node-fetch": {
      "version": "2.6.1",
      "resolved": "https://registry.npmjs.org/node-fetch/-/node-fetch-2.6.1.tgz",
      "integrity": "sha512-V4aYg89jEoVRxRb2fJdAg8FHvI7cEyYdVAh94HH0UIK8oJxUfkjlDQN9RbMx+bEjP7+ggMiFRprSti032Oipxw=="
    },
    "typescript": {
      "version": "4.2.3",
      "resolved": "https://registry.npmjs.org/typescript/-/typescript-4.2.3.tgz",
      "integrity": "sha512-qOcYwxaByStAWrBf4x0fibwZvMRG+r4cQoTjbPtUlrWjBHbmCAww1i448U0GJ+3cNNEtebDteo/cHOR3xJ4wEw==",
      "dev": true
    },
    "webwebweb": {
      "version": "1.4.9",
      "resolved": "https://registry.npmjs.org/webwebweb/-/webwebweb-1.4.9.tgz",
      "integrity": "sha512-jZnowahjegTp87iYfmAIwAfcJ5Ui+8lJdfVf0i4LojU5zG78qYYPMpdK0xURGaWI1DbbYq0xhamxhumUh1quvA=="
    }
  }
}
